{
  "version": 4,
  "terraform_version": "1.5.7",
  "serial": 174,
  "lineage": "93cce66a-4e2e-1200-cb8b-91fcdd72139b",
  "outputs": {
    "instance_fip": {
      "value": "37.139.34.37",
      "type": "string"
    }
  },
  "resources": [
    {
      "mode": "data",
      "type": "vkcs_compute_flavor",
      "name": "compute",
      "provider": "provider[\"registry.terraform.io/vk-cs/vkcs\"]",
      "instances": [
        {
          "schema_version": 0,
          "attributes": {
            "disk": 10,
            "extra_specs": {
              "agg_common": "true",
              "hw:cpu_sockets": "1",
              "mcs:cpu_type": "standard"
            },
            "flavor_id": "df3c499a-044f-41d2-8612-d303adc613cc",
            "id": "df3c499a-044f-41d2-8612-d303adc613cc",
            "is_public": true,
            "min_disk": null,
            "min_ram": null,
            "name": "Basic-1-1-10",
            "ram": 1024,
            "region": null,
            "rx_tx_factor": 1,
            "swap": 0,
            "vcpus": 1
          },
          "sensitive_attributes": []
        }
      ]
    },
    {
      "mode": "data",
      "type": "vkcs_images_image",
      "name": "compute",
      "provider": "provider[\"registry.terraform.io/vk-cs/vkcs\"]",
      "instances": [
        {
          "schema_version": 0,
          "attributes": {
            "checksum": "",
            "container_format": "bare",
            "created_at": "2018-11-02T15:09:35Z",
            "disk_format": "raw",
            "file": "/v2/images/64995697-2d04-42b0-b5d2-c78dcd4c4b84/file",
            "id": "64995697-2d04-42b0-b5d2-c78dcd4c4b84",
            "member_status": null,
            "metadata": {},
            "min_disk_gb": 3,
            "min_ram_mb": 0,
            "most_recent": false,
            "name": "Ubuntu-18.04-Standard",
            "owner": "48272e416f9545e2b42df4dd6ea6b164",
            "properties": null,
            "protected": false,
            "region": "RegionOne",
            "schema": "/v2/schemas/image",
            "size_bytes": 3221225472,
            "size_max": null,
            "size_min": null,
            "tag": null,
            "tags": [],
            "updated_at": "2021-07-03T17:33:41Z",
            "visibility": "public"
          },
          "sensitive_attributes": []
        }
      ]
    },
    {
      "mode": "data",
      "type": "vkcs_networking_network",
      "name": "extnet",
      "provider": "provider[\"registry.terraform.io/vk-cs/vkcs\"]",
      "instances": [
        {
          "schema_version": 0,
          "attributes": {
            "admin_state_up": "true",
            "all_tags": [
              "dm.semenov",
              "rivalsec123qwerty"
            ],
            "description": "",
            "external": true,
            "id": "298117ae-3fa4-4109-9e08-8be5602be5a2",
            "matching_subnet_cidr": null,
            "name": "ext-net",
            "network_id": null,
            "private_dns_domain": "openstacklocal.",
            "region": "RegionOne",
            "sdn": "neutron",
            "shared": "true",
            "status": null,
            "subnets": [
              "01009166-1de2-413d-995c-8c2272f1bc19",
              "0dbaf324-1c17-4c51-ab6f-817a2223a097",
              "13b6afaa-a0da-4ffb-8061-f7b28d318fdf",
              "191efdda-cd5a-4327-987d-1eb1b5b32b4d",
              "1e68063b-96e0-45bc-b010-579e9aabb485",
              "1ea7f321-4ed0-4ae7-a136-a0226b9c5969",
              "2267f99b-83a5-49b6-ba19-e0cbac642583",
              "389a5241-76e3-48b9-89f5-5b0a938cf8b3",
              "41d17c6b-d2cf-4bd2-8784-f8a846656c3b",
              "489f81ad-2a0c-449d-8aed-1876ddbd7840",
              "5a66e4b1-1676-444e-94cf-eb37ac80d464",
              "62a77e13-ccc0-44b7-8cac-0567163a8a3b",
              "7f876978-01fe-43ab-8c77-7e6e32cd28c4",
              "888682e5-abdd-4274-853f-b091115cce84",
              "94640c6b-6298-40d0-8c71-6aab8716d48f",
              "aa2689f9-a208-4bf2-bed0-c20dab001467",
              "b1911f6b-9185-45fd-a0c2-424b0c9155ce",
              "b2298251-6be3-444b-b213-59c66e25346b",
              "b5502dbd-18c7-4f44-857a-5819265bbbdc",
              "be8539d5-eeff-4eaa-8048-9f7c3dbc8804",
              "be9cabcf-c5f8-4e88-9e27-c5ba80f4a638",
              "c4f89da6-529f-4a08-9df1-6b95842a07b9",
              "c6fafdba-deb7-4ad0-83fd-ec893dedfb69",
              "cbd9c937-5339-42df-b0a7-edfb2ccfee59",
              "d10ef821-cba1-476c-bcfd-582632939e80",
              "d5f70b09-6d49-445b-99f1-184d366decf6",
              "ec5d4a62-5039-460c-833f-7084a19794d2"
            ],
            "tags": null,
            "tenant_id": "c9fe9505fdde4de680679748c7cfee7e",
            "vkcs_services_access": false
          },
          "sensitive_attributes": []
        }
      ]
    },
    {
      "mode": "managed",
      "type": "vkcs_compute_floatingip_associate",
      "name": "fip",
      "provider": "provider[\"registry.terraform.io/vk-cs/vkcs\"]",
      "instances": [
        {
          "schema_version": 0,
          "attributes": {
            "fixed_ip": "",
            "floating_ip": "37.139.34.37",
            "id": "37.139.34.37/35bb3d39-7fef-4712-b260-71b2b0a5f323/",
            "instance_id": "35bb3d39-7fef-4712-b260-71b2b0a5f323",
            "region": "RegionOne",
            "timeouts": null,
            "wait_until_associated": null
          },
          "sensitive_attributes": [],
          "private": "eyJlMmJmYjczMC1lY2FhLTExZTYtOGY4OC0zNDM2M2JjN2M0YzAiOnsiY3JlYXRlIjo2MDAwMDAwMDAwMDB9fQ==",
          "dependencies": [
            "data.vkcs_compute_flavor.compute",
            "data.vkcs_images_image.compute",
            "data.vkcs_networking_network.extnet",
            "vkcs_compute_instance.compute",
            "vkcs_networking_floatingip.fip",
            "vkcs_networking_network.network",
            "vkcs_networking_subnet.subnetwork"
          ]
        }
      ]
    },
    {
      "mode": "managed",
      "type": "vkcs_compute_instance",
      "name": "compute",
      "provider": "provider[\"registry.terraform.io/vk-cs/vkcs\"]",
      "instances": [
        {
          "schema_version": 0,
          "attributes": {
            "access_ip_v4": "192.168.199.14",
            "admin_pass": null,
            "all_metadata": {},
            "all_tags": [],
            "availability_zone": "MS1",
            "block_device": [
              {
                "boot_index": 0,
                "delete_on_termination": true,
                "destination_type": "volume",
                "device_type": "",
                "disk_bus": "",
                "guest_format": "",
                "source_type": "image",
                "uuid": "64995697-2d04-42b0-b5d2-c78dcd4c4b84",
                "volume_size": 8,
                "volume_type": "ceph-ssd"
              }
            ],
            "config_drive": null,
            "flavor_id": "df3c499a-044f-41d2-8612-d303adc613cc",
            "flavor_name": "Basic-1-1-10",
            "force_delete": false,
            "id": "35bb3d39-7fef-4712-b260-71b2b0a5f323",
            "image_id": "Attempt to boot from volume - no image supplied",
            "image_name": null,
            "key_pair": "testing",
            "metadata": null,
            "name": "compute-instance",
            "network": [
              {
                "access_network": false,
                "fixed_ip_v4": "192.168.199.14",
                "mac": "fa:16:3e:ce:49:8f",
                "name": "net",
                "port": "",
                "uuid": "e9c6e2d5-06df-4a41-ab93-06d9a34c7c6d"
              }
            ],
            "network_mode": null,
            "personality": [],
            "power_state": "active",
            "region": "RegionOne",
            "scheduler_hints": [],
            "security_groups": [
              "default",
              "ssh"
            ],
            "stop_before_destroy": false,
            "tags": null,
            "timeouts": null,
            "user_data": null,
            "vendor_options": []
          },
          "sensitive_attributes": [],
          "private": "eyJlMmJmYjczMC1lY2FhLTExZTYtOGY4OC0zNDM2M2JjN2M0YzAiOnsiY3JlYXRlIjoxODAwMDAwMDAwMDAwLCJkZWxldGUiOjE4MDAwMDAwMDAwMDAsInVwZGF0ZSI6MTgwMDAwMDAwMDAwMH19",
          "dependencies": [
            "data.vkcs_compute_flavor.compute",
            "data.vkcs_images_image.compute",
            "vkcs_networking_network.network",
            "vkcs_networking_subnet.subnetwork"
          ]
        }
      ]
    },
    {
      "mode": "managed",
      "type": "vkcs_networking_floatingip",
      "name": "fip",
      "provider": "provider[\"registry.terraform.io/vk-cs/vkcs\"]",
      "instances": [
        {
          "schema_version": 0,
          "attributes": {
            "address": "37.139.34.37",
            "description": "",
            "fixed_ip": "",
            "id": "1d7b1d12-402c-4203-8863-1ab2c851b2d2",
            "pool": "ext-net",
            "port_id": "",
            "region": "RegionOne",
            "sdn": "neutron",
            "subnet_id": null,
            "subnet_ids": null,
            "timeouts": null,
            "value_specs": null
          },
          "sensitive_attributes": [],
          "private": "eyJlMmJmYjczMC1lY2FhLTExZTYtOGY4OC0zNDM2M2JjN2M0YzAiOnsiY3JlYXRlIjo2MDAwMDAwMDAwMDAsImRlbGV0ZSI6NjAwMDAwMDAwMDAwfX0=",
          "dependencies": [
            "data.vkcs_networking_network.extnet"
          ]
        }
      ]
    },
    {
      "mode": "managed",
      "type": "vkcs_networking_network",
      "name": "network",
      "provider": "provider[\"registry.terraform.io/vk-cs/vkcs\"]",
      "instances": [
        {
          "schema_version": 0,
          "attributes": {
            "admin_state_up": true,
            "all_tags": [],
            "description": "",
            "id": "e9c6e2d5-06df-4a41-ab93-06d9a34c7c6d",
            "name": "net",
            "port_security_enabled": true,
            "private_dns_domain": "mcs.local.",
            "region": "RegionOne",
            "sdn": "neutron",
            "tags": null,
            "timeouts": null,
            "value_specs": null,
            "vkcs_services_access": false
          },
          "sensitive_attributes": [],
          "private": "eyJlMmJmYjczMC1lY2FhLTExZTYtOGY4OC0zNDM2M2JjN2M0YzAiOnsiY3JlYXRlIjo2MDAwMDAwMDAwMDAsImRlbGV0ZSI6NjAwMDAwMDAwMDAwfX0="
        }
      ]
    },
    {
      "mode": "managed",
      "type": "vkcs_networking_port",
      "name": "port",
      "provider": "provider[\"registry.terraform.io/vk-cs/vkcs\"]",
      "instances": [
        {
          "schema_version": 0,
          "attributes": {
            "admin_state_up": true,
            "all_fixed_ips": [
              "192.168.199.23"
            ],
            "all_security_group_ids": [
              "fbd07d05-5da5-422f-bdcf-07a285a21879"
            ],
            "all_tags": [],
            "allowed_address_pairs": [],
            "description": "",
            "device_id": "",
            "device_owner": "",
            "dns_assignment": [
              {
                "hostname": "host-192-168-199-23",
                "ip_address": "192.168.199.23"
              }
            ],
            "dns_name": "",
            "extra_dhcp_option": [],
            "fixed_ip": [
              {
                "ip_address": "192.168.199.23",
                "subnet_id": "336a4866-ac2e-464e-9c49-258f482d1849"
              }
            ],
            "id": "5c87512c-e3bb-4479-bf0e-b86ee784e0da",
            "mac_address": "fa:16:3e:6a:d7:28",
            "name": "port_1",
            "network_id": "e9c6e2d5-06df-4a41-ab93-06d9a34c7c6d",
            "no_fixed_ip": null,
            "no_security_groups": null,
            "port_security_enabled": true,
            "region": "RegionOne",
            "sdn": "neutron",
            "security_group_ids": null,
            "tags": null,
            "timeouts": null,
            "value_specs": null
          },
          "sensitive_attributes": [],
          "private": "eyJlMmJmYjczMC1lY2FhLTExZTYtOGY4OC0zNDM2M2JjN2M0YzAiOnsiY3JlYXRlIjo2MDAwMDAwMDAwMDAsImRlbGV0ZSI6NjAwMDAwMDAwMDAwfX0=",
          "dependencies": [
            "vkcs_networking_network.network",
            "vkcs_networking_subnet.subnetwork"
          ]
        }
      ]
    },
    {
      "mode": "managed",
      "type": "vkcs_networking_port_secgroup_associate",
      "name": "port",
      "provider": "provider[\"registry.terraform.io/vk-cs/vkcs\"]",
      "instances": [
        {
          "schema_version": 0,
          "attributes": {
            "all_security_group_ids": [
              "121b6549-9e73-4be7-b487-daac94deaaec",
              "d06421c7-13b6-4749-a686-5df7f5ca3a42",
              "fbd07d05-5da5-422f-bdcf-07a285a21879"
            ],
            "enforce": false,
            "id": "5c87512c-e3bb-4479-bf0e-b86ee784e0da",
            "port_id": "5c87512c-e3bb-4479-bf0e-b86ee784e0da",
            "region": "RegionOne",
            "sdn": "neutron",
            "security_group_ids": [
              "121b6549-9e73-4be7-b487-daac94deaaec",
              "d06421c7-13b6-4749-a686-5df7f5ca3a42"
            ]
          },
          "sensitive_attributes": [],
          "private": "bnVsbA==",
          "dependencies": [
            "vkcs_networking_network.network",
            "vkcs_networking_port.port",
            "vkcs_networking_secgroup.secgroup",
            "vkcs_networking_secgroup.secgroup1",
            "vkcs_networking_subnet.subnetwork"
          ]
        }
      ]
    },
    {
      "mode": "managed",
      "type": "vkcs_networking_router",
      "name": "router",
      "provider": "provider[\"registry.terraform.io/vk-cs/vkcs\"]",
      "instances": [
        {
          "schema_version": 0,
          "attributes": {
            "admin_state_up": true,
            "all_tags": [],
            "description": "",
            "external_network_id": "298117ae-3fa4-4109-9e08-8be5602be5a2",
            "id": "e5f10330-acee-4b76-97ac-d0b6055f3648",
            "name": "router",
            "region": "RegionOne",
            "sdn": "neutron",
            "tags": null,
            "timeouts": null,
            "value_specs": null,
            "vendor_options": []
          },
          "sensitive_attributes": [],
          "private": "eyJlMmJmYjczMC1lY2FhLTExZTYtOGY4OC0zNDM2M2JjN2M0YzAiOnsiY3JlYXRlIjo2MDAwMDAwMDAwMDAsImRlbGV0ZSI6NjAwMDAwMDAwMDAwfX0=",
          "dependencies": [
            "data.vkcs_networking_network.extnet"
          ]
        }
      ]
    },
    {
      "mode": "managed",
      "type": "vkcs_networking_router_interface",
      "name": "db",
      "provider": "provider[\"registry.terraform.io/vk-cs/vkcs\"]",
      "instances": [
        {
          "schema_version": 0,
          "attributes": {
            "id": "130615de-5601-4344-81c6-52006f2a0184",
            "port_id": "130615de-5601-4344-81c6-52006f2a0184",
            "region": "RegionOne",
            "router_id": "e5f10330-acee-4b76-97ac-d0b6055f3648",
            "sdn": "neutron",
            "subnet_id": "336a4866-ac2e-464e-9c49-258f482d1849",
            "timeouts": null
          },
          "sensitive_attributes": [],
          "private": "eyJlMmJmYjczMC1lY2FhLTExZTYtOGY4OC0zNDM2M2JjN2M0YzAiOnsiY3JlYXRlIjo2MDAwMDAwMDAwMDAsImRlbGV0ZSI6NjAwMDAwMDAwMDAwfX0=",
          "dependencies": [
            "data.vkcs_networking_network.extnet",
            "vkcs_networking_network.network",
            "vkcs_networking_router.router",
            "vkcs_networking_subnet.subnetwork"
          ]
        }
      ]
    },
    {
      "mode": "managed",
      "type": "vkcs_networking_secgroup",
      "name": "secgroup",
      "provider": "provider[\"registry.terraform.io/vk-cs/vkcs\"]",
      "instances": [
        {
          "schema_version": 0,
          "attributes": {
            "all_tags": [],
            "delete_default_rules": null,
            "description": "terraform security group",
            "id": "121b6549-9e73-4be7-b487-daac94deaaec",
            "name": "security_group",
            "region": "RegionOne",
            "sdn": "neutron",
            "tags": null,
            "timeouts": null
          },
          "sensitive_attributes": [],
          "private": "eyJlMmJmYjczMC1lY2FhLTExZTYtOGY4OC0zNDM2M2JjN2M0YzAiOnsiZGVsZXRlIjo2MDAwMDAwMDAwMDB9fQ=="
        }
      ]
    },
    {
      "mode": "managed",
      "type": "vkcs_networking_secgroup",
      "name": "secgroup1",
      "provider": "provider[\"registry.terraform.io/vk-cs/vkcs\"]",
      "instances": [
        {
          "schema_version": 0,
          "attributes": {
            "all_tags": [],
            "delete_default_rules": null,
            "description": "ssh sec group",
            "id": "d06421c7-13b6-4749-a686-5df7f5ca3a42",
            "name": "ssh",
            "region": "RegionOne",
            "sdn": "neutron",
            "tags": null,
            "timeouts": null
          },
          "sensitive_attributes": [],
          "private": "eyJlMmJmYjczMC1lY2FhLTExZTYtOGY4OC0zNDM2M2JjN2M0YzAiOnsiZGVsZXRlIjo2MDAwMDAwMDAwMDB9fQ=="
        }
      ]
    },
    {
      "mode": "managed",
      "type": "vkcs_networking_secgroup_rule",
      "name": "secgroup_rule_1",
      "provider": "provider[\"registry.terraform.io/vk-cs/vkcs\"]",
      "instances": [
        {
          "schema_version": 0,
          "attributes": {
            "description": "secgroup_rule_1",
            "direction": "ingress",
            "ethertype": "IPv4",
            "id": "5ee5999e-88b4-43a1-aaa8-b56db050ea17",
            "port_range_max": 22,
            "port_range_min": 22,
            "protocol": "tcp",
            "region": "RegionOne",
            "remote_group_id": "",
            "remote_ip_prefix": "0.0.0.0/0",
            "sdn": "neutron",
            "security_group_id": "d06421c7-13b6-4749-a686-5df7f5ca3a42",
            "timeouts": null
          },
          "sensitive_attributes": [],
          "private": "eyJlMmJmYjczMC1lY2FhLTExZTYtOGY4OC0zNDM2M2JjN2M0YzAiOnsiZGVsZXRlIjo2MDAwMDAwMDAwMDB9fQ==",
          "dependencies": [
            "vkcs_networking_secgroup.secgroup1"
          ]
        }
      ]
    },
    {
      "mode": "managed",
      "type": "vkcs_networking_secgroup_rule",
      "name": "secgroup_rule_2",
      "provider": "provider[\"registry.terraform.io/vk-cs/vkcs\"]",
      "instances": [
        {
          "schema_version": 0,
          "attributes": {
            "description": "",
            "direction": "ingress",
            "ethertype": "IPv4",
            "id": "cfa2dd4f-e84a-4fa2-854e-fcda60dc2233",
            "port_range_max": 80,
            "port_range_min": 80,
            "protocol": "tcp",
            "region": "RegionOne",
            "remote_group_id": "",
            "remote_ip_prefix": "0.0.0.0/0",
            "sdn": "neutron",
            "security_group_id": "121b6549-9e73-4be7-b487-daac94deaaec",
            "timeouts": null
          },
          "sensitive_attributes": [],
          "private": "eyJlMmJmYjczMC1lY2FhLTExZTYtOGY4OC0zNDM2M2JjN2M0YzAiOnsiZGVsZXRlIjo2MDAwMDAwMDAwMDB9fQ==",
          "dependencies": [
            "vkcs_networking_secgroup.secgroup"
          ]
        }
      ]
    },
    {
      "mode": "managed",
      "type": "vkcs_networking_subnet",
      "name": "subnetwork",
      "provider": "provider[\"registry.terraform.io/vk-cs/vkcs\"]",
      "instances": [
        {
          "schema_version": 0,
          "attributes": {
            "all_tags": [],
            "allocation_pool": [
              {
                "end": "192.168.199.254",
                "start": "192.168.199.2"
              }
            ],
            "cidr": "192.168.199.0/24",
            "description": "",
            "dns_nameservers": null,
            "enable_dhcp": true,
            "gateway_ip": "192.168.199.1",
            "id": "336a4866-ac2e-464e-9c49-258f482d1849",
            "name": "subnet_1",
            "network_id": "e9c6e2d5-06df-4a41-ab93-06d9a34c7c6d",
            "no_gateway": false,
            "prefix_length": null,
            "region": "RegionOne",
            "sdn": "neutron",
            "subnetpool_id": "",
            "tags": null,
            "timeouts": null,
            "value_specs": null
          },
          "sensitive_attributes": [],
          "private": "eyJlMmJmYjczMC1lY2FhLTExZTYtOGY4OC0zNDM2M2JjN2M0YzAiOnsiY3JlYXRlIjo2MDAwMDAwMDAwMDAsImRlbGV0ZSI6NjAwMDAwMDAwMDAwfX0=",
          "dependencies": [
            "vkcs_networking_network.network"
          ]
        }
      ]
    }
  ],
  "check_results": null
}
